
Microsoft Visual Studio Solution File, Format Version 12.00
# Visual Studio Version 16
Project("{FAE04EC0-301F-11D3-BF4B-00C04F79EFBC}") = "Vdcrpt.UI", "Vdcrpt.UI\Vdcrpt.UI.csproj", "{E8C0374B-DE08-4A5A-9F21-22E9BDEB0E4A}"
EndProject
Project("{FAE04EC0-301F-11D3-BF4B-00C04F79EFBC}") = "Vdcrpt.Avi", "Vdcrpt.Avi\Vdcrpt.Avi.csproj", "{CA27F122-5BF2-406D-9D96-599B0C0BF605}"
EndProject
Global
	GlobalSection(SolutionConfigurationPlatforms) = preSolution
		Debug|Any CPU = Debug|Any CPU
		Release|Any CPU = Release|Any CPU
	EndGlobalSection
	GlobalSection(ProjectConfigurationPlatforms) = postSolution
		{E8C0374B-DE08-4A5A-9F21-22E9BDEB0E4A}.Debug|Any CPU.ActiveCfg = Debug|Any CPU
		{E8C0374B-DE08-4A5A-9F21-22E9BDEB0E4A}.Debug|Any CPU.Build.0 = Debug|Any CPU
		{E8C0374B-DE08-4A5A-9F21-22E9BDEB0E4A}.Release|Any CPU.ActiveCfg = Release|Any CPU
		{E8C0374B-DE08-4A5A-9F21-22E9BDEB0E4A}.Release|Any CPU.Build.0 = Release|Any CPU
		{CA27F122-5BF2-406D-9D96-599B0C0BF605}.Debug|Any CPU.ActiveCfg = Debug|Any CPU
		{CA27F122-5BF2-406D-9D96-599B0C0BF605}.Debug|Any CPU.Build.0 = Debug|Any CPU
		{CA27F122-5BF2-406D-9D96-599B0C0BF605}.Release|Any CPU.ActiveCfg = Release|Any CPU
		{CA27F122-5BF2-406D-9D96-599B0C0BF605}.Release|Any CPU.Build.0 = Release|Any CPU
	EndGlobalSection
EndGlobal
